
Microsoft Visual Studio Solution File, Format Version 12.00
# Visual Studio Version 17
VisualStudioVersion = 17.2.32630.192
MinimumVisualStudioVersion = 10.0.40219.1
Project("{FAE04EC0-301F-11D3-BF4B-00C04F79EFBC}") = "NumberGenerator", "NumberGenerator\NumberGenerator.csproj", "{41E8FEAE-4E5D-4919-9821-6C570DF996C4}"
EndProject
Global
	GlobalSection(SolutionConfigurationPlatforms) = preSolution
		Debug|Any CPU = Debug|Any CPU
		Release|Any CPU = Release|Any CPU
	EndGlobalSection
	GlobalSection(ProjectConfigurationPlatforms) = postSolution
		{41E8FEAE-4E5D-4919-9821-6C570DF996C4}.Debug|Any CPU.ActiveCfg = Debug|Any CPU
		{41E8FEAE-4E5D-4919-9821-6C570DF996C4}.Debug|Any CPU.Build.0 = Debug|Any CPU
		{41E8FEAE-4E5D-4919-9821-6C570DF996C4}.Release|Any CPU.ActiveCfg = Release|Any CPU
		{41E8FEAE-4E5D-4919-9821-6C570DF996C4}.Release|Any CPU.Build.0 = Release|Any CPU
	EndGlobalSection
	GlobalSection(SolutionProperties) = preSolution
		HideSolutionNode = FALSE
	EndGlobalSection
	GlobalSection(ExtensibilityGlobals) = postSolution
		SolutionGuid = {71F788E0-8D52-4ADC-8AD4-F165502B1555}
	EndGlobalSection
EndGlobal
